
Microsoft Visual Studio Solution File, Format Version 12.00
# Visual Studio Version 16
VisualStudioVersion = 16.0.29806.167
MinimumVisualStudioVersion = 10.0.40219.1
Project("{8BC9CEB8-8B4A-11D0-8D11-00A0C91BC942}") = "QualificationRound2017B_Tidy_Numbers", "QualificationRound2017B_Tidy_Numbers\QualificationRound2017B_Tidy_Numbers.vcxproj", "{4DDCC47E-CA46-4224-B8CC-FCD6E5586EEA}"
EndProject
Project("{8BC9CEB8-8B4A-11D0-8D11-00A0C91BC942}") = "14956_Philosopher's_Walk", "14956_Philosopher's_Walk\14956_Philosopher's_Walk.vcxproj", "{8231CF24-8032-44A6-A38A-10D60D444068}"
EndProject
Project("{8BC9CEB8-8B4A-11D0-8D11-00A0C91BC942}") = "11504_Wheel_of_Numbers", "11504_Wheel_of_Numbers\11504_Wheel_of_Numbers.vcxproj", "{54DAC955-64EB-4F87-BBB4-5807113BF8AB}"
EndProject
Project("{8BC9CEB8-8B4A-11D0-8D11-00A0C91BC942}") = "14953_Game_Map", "14953_Game_Map\14953_Game_Map.vcxproj", "{82A9FCA0-882D-4165-BD7B-B03F9336D266}"
EndProject
Project("{8BC9CEB8-8B4A-11D0-8D11-00A0C91BC942}") = "14954_Happy_Number", "14954_Happy_Number\14954_Happy_Number.vcxproj", "{1A9EB0D1-6AF6-4D10-9E91-D4353667F7DA}"
EndProject
Project("{8BC9CEB8-8B4A-11D0-8D11-00A0C91BC942}") = "11501_Stock", "11501_Stock\11501_Stock.vcxproj", "{66770FE1-22C4-4EC4-A893-5CDF6803968C}"
EndProject
Project("{8BC9CEB8-8B4A-11D0-8D11-00A0C91BC942}") = "11497_Log_Jumping", "11497_Log_Jumping\11497_Log_Jumping.vcxproj", "{C111C700-229E-4386-9D42-E38A2EC70B9F}"
EndProject
Project("{8BC9CEB8-8B4A-11D0-8D11-00A0C91BC942}") = "KickstartPracticeRound2018A_GBus_Count", "KickstartPracticeRound2018A_GBus_Count\KickstartPracticeRound2018A_GBus_Count.vcxproj", "{EB5DF8B6-D66D-4467-B221-21D752AEF971}"
EndProject
Project("{8BC9CEB8-8B4A-11D0-8D11-00A0C91BC942}") = "KickstartPracticeRound2018B_Googol_String", "KickstartPracticeRound2018B_Googol_String\KickstartPracticeRound2018B_Googol_String.vcxproj", "{8B9FB273-3FC4-49A0-9A6B-905C740B3DC3}"
EndProject
Project("{8BC9CEB8-8B4A-11D0-8D11-00A0C91BC942}") = "10451_Permutation_Cycles", "10451_Permutation_Cycles\10451_Permutation_Cycles.vcxproj", "{FD604B61-FDD5-4B73-9CED-F410ED019450}"
EndProject
Project("{8BC9CEB8-8B4A-11D0-8D11-00A0C91BC942}") = "5012_Mega_Inversions", "5012_Mega_Inversions\5012_Mega_Inversions.vcxproj", "{9C497D71-FD20-441B-9048-6DE702AD014D}"
EndProject
Project("{8BC9CEB8-8B4A-11D0-8D11-00A0C91BC942}") = "2504", "2504\2504.vcxproj", "{06283363-0EEE-49E2-8068-8296B2190552}"
EndProject
Project("{8BC9CEB8-8B4A-11D0-8D11-00A0C91BC942}") = "9465_Stickers", "9465_Stickers\9465_Stickers.vcxproj", "{D57AB593-9086-464E-A2B2-7D5D6A0F3B34}"
EndProject
Project("{8BC9CEB8-8B4A-11D0-8D11-00A0C91BC942}") = "2042", "2042\2042.vcxproj", "{42D9DD6F-7F35-45CF-8F5C-0B4C6690BC5F}"
EndProject
Project("{8BC9CEB8-8B4A-11D0-8D11-00A0C91BC942}") = "9015_Square", "9015_Square\9015_Square.vcxproj", "{87534125-9531-4942-BC82-B115E0389294}"
EndProject
Project("{8BC9CEB8-8B4A-11D0-8D11-00A0C91BC942}") = "9463_Permutation_Graphs", "9463_Permutation_Graphs\9463_Permutation_Graphs.vcxproj", "{9A4A43B2-3BB1-4294-9E36-0BA6BA8C7AD3}"
EndProject
Project("{8BC9CEB8-8B4A-11D0-8D11-00A0C91BC942}") = "10219_Meats_On_The_Grill", "10219_Meats_On_The_Grill\10219_Meats_On_The_Grill.vcxproj", "{798E64EE-EACB-4C75-B447-35BB9ACE076D}"
EndProject
Project("{8BC9CEB8-8B4A-11D0-8D11-00A0C91BC942}") = "1992", "1992\1992.vcxproj", "{1B8F671A-5300-4043-9CB0-B8202096B976}"
EndProject
Project("{8BC9CEB8-8B4A-11D0-8D11-00A0C91BC942}") = "3584_Nearest_Common_Ancestors", "3584_Nearest_Common_Ancestors\3584_Nearest_Common_Ancestors.vcxproj", "{BBF1EE3C-C492-4ADD-8149-E924E564EDB0}"
EndProject
Project("{8BC9CEB8-8B4A-11D0-8D11-00A0C91BC942}") = "3568", "3568\3568.vcxproj", "{C15EC12D-D2C3-40BC-8DAA-AF16A3D03CC1}"
EndProject
Project("{8BC9CEB8-8B4A-11D0-8D11-00A0C91BC942}") = "10216_Count_Circle_Groups", "10216_Count_Circle_Groups\10216_Count_Circle_Groups.vcxproj", "{80FE5FDA-3BE7-4BA3-A7A1-6E1B70E9965B}"
EndProject
Project("{8BC9CEB8-8B4A-11D0-8D11-00A0C91BC942}") = "20169", "20169\20169.vcxproj", "{2FD3B946-ADEC-49E6-8ED4-7838F85A31E2}"
EndProject
Project("{8BC9CEB8-8B4A-11D0-8D11-00A0C91BC942}") = "13460", "13460\13460.vcxproj", "{02B308DF-0749-49D0-BFFB-3FD9A37D7CBA}"
EndProject
Global
	GlobalSection(SolutionConfigurationPlatforms) = preSolution
		Debug|x64 = Debug|x64
		Debug|x86 = Debug|x86
		Release|x64 = Release|x64
		Release|x86 = Release|x86
	EndGlobalSection
	GlobalSection(ProjectConfigurationPlatforms) = postSolution
		{4DDCC47E-CA46-4224-B8CC-FCD6E5586EEA}.Debug|x64.ActiveCfg = Debug|x64
		{4DDCC47E-CA46-4224-B8CC-FCD6E5586EEA}.Debug|x64.Build.0 = Debug|x64
		{4DDCC47E-CA46-4224-B8CC-FCD6E5586EEA}.Debug|x86.ActiveCfg = Debug|Win32
		{4DDCC47E-CA46-4224-B8CC-FCD6E5586EEA}.Debug|x86.Build.0 = Debug|Win32
		{4DDCC47E-CA46-4224-B8CC-FCD6E5586EEA}.Release|x64.ActiveCfg = Release|x64
		{4DDCC47E-CA46-4224-B8CC-FCD6E5586EEA}.Release|x64.Build.0 = Release|x64
		{4DDCC47E-CA46-4224-B8CC-FCD6E5586EEA}.Release|x86.ActiveCfg = Release|Win32
		{4DDCC47E-CA46-4224-B8CC-FCD6E5586EEA}.Release|x86.Build.0 = Release|Win32
		{8231CF24-8032-44A6-A38A-10D60D444068}.Debug|x64.ActiveCfg = Debug|x64
		{8231CF24-8032-44A6-A38A-10D60D444068}.Debug|x64.Build.0 = Debug|x64
		{8231CF24-8032-44A6-A38A-10D60D444068}.Debug|x86.ActiveCfg = Debug|Win32
		{8231CF24-8032-44A6-A38A-10D60D444068}.Debug|x86.Build.0 = Debug|Win32
		{8231CF24-8032-44A6-A38A-10D60D444068}.Release|x64.ActiveCfg = Release|x64
		{8231CF24-8032-44A6-A38A-10D60D444068}.Release|x64.Build.0 = Release|x64
		{8231CF24-8032-44A6-A38A-10D60D444068}.Release|x86.ActiveCfg = Release|Win32
		{8231CF24-8032-44A6-A38A-10D60D444068}.Release|x86.Build.0 = Release|Win32
		{54DAC955-64EB-4F87-BBB4-5807113BF8AB}.Debug|x64.ActiveCfg = Debug|x64
		{54DAC955-64EB-4F87-BBB4-5807113BF8AB}.Debug|x64.Build.0 = Debug|x64
		{54DAC955-64EB-4F87-BBB4-5807113BF8AB}.Debug|x86.ActiveCfg = Debug|Win32
		{54DAC955-64EB-4F87-BBB4-5807113BF8AB}.Debug|x86.Build.0 = Debug|Win32
		{54DAC955-64EB-4F87-BBB4-5807113BF8AB}.Release|x64.ActiveCfg = Release|x64
		{54DAC955-64EB-4F87-BBB4-5807113BF8AB}.Release|x64.Build.0 = Release|x64
		{54DAC955-64EB-4F87-BBB4-5807113BF8AB}.Release|x86.ActiveCfg = Release|Win32
		{54DAC955-64EB-4F87-BBB4-5807113BF8AB}.Release|x86.Build.0 = Release|Win32
		{82A9FCA0-882D-4165-BD7B-B03F9336D266}.Debug|x64.ActiveCfg = Debug|x64
		{82A9FCA0-882D-4165-BD7B-B03F9336D266}.Debug|x64.Build.0 = Debug|x64
		{82A9FCA0-882D-4165-BD7B-B03F9336D266}.Debug|x86.ActiveCfg = Debug|Win32
		{82A9FCA0-882D-4165-BD7B-B03F9336D266}.Debug|x86.Build.0 = Debug|Win32
		{82A9FCA0-882D-4165-BD7B-B03F9336D266}.Release|x64.ActiveCfg = Release|x64
		{82A9FCA0-882D-4165-BD7B-B03F9336D266}.Release|x64.Build.0 = Release|x64
		{82A9FCA0-882D-4165-BD7B-B03F9336D266}.Release|x86.ActiveCfg = Release|Win32
		{82A9FCA0-882D-4165-BD7B-B03F9336D266}.Release|x86.Build.0 = Release|Win32
		{1A9EB0D1-6AF6-4D10-9E91-D4353667F7DA}.Debug|x64.ActiveCfg = Debug|x64
		{1A9EB0D1-6AF6-4D10-9E91-D4353667F7DA}.Debug|x64.Build.0 = Debug|x64
		{1A9EB0D1-6AF6-4D10-9E91-D4353667F7DA}.Debug|x86.ActiveCfg = Debug|Win32
		{1A9EB0D1-6AF6-4D10-9E91-D4353667F7DA}.Debug|x86.Build.0 = Debug|Win32
		{1A9EB0D1-6AF6-4D10-9E91-D4353667F7DA}.Release|x64.ActiveCfg = Release|x64
		{1A9EB0D1-6AF6-4D10-9E91-D4353667F7DA}.Release|x64.Build.0 = Release|x64
		{1A9EB0D1-6AF6-4D10-9E91-D4353667F7DA}.Release|x86.ActiveCfg = Release|Win32
		{1A9EB0D1-6AF6-4D10-9E91-D4353667F7DA}.Release|x86.Build.0 = Release|Win32
		{66770FE1-22C4-4EC4-A893-5CDF6803968C}.Debug|x64.ActiveCfg = Debug|x64
		{66770FE1-22C4-4EC4-A893-5CDF6803968C}.Debug|x64.Build.0 = Debug|x64
		{66770FE1-22C4-4EC4-A893-5CDF6803968C}.Debug|x86.ActiveCfg = Debug|Win32
		{66770FE1-22C4-4EC4-A893-5CDF6803968C}.Debug|x86.Build.0 = Debug|Win32
		{66770FE1-22C4-4EC4-A893-5CDF6803968C}.Release|x64.ActiveCfg = Release|x64
		{66770FE1-22C4-4EC4-A893-5CDF6803968C}.Release|x64.Build.0 = Release|x64
		{66770FE1-22C4-4EC4-A893-5CDF6803968C}.Release|x86.ActiveCfg = Release|Win32
		{66770FE1-22C4-4EC4-A893-5CDF6803968C}.Release|x86.Build.0 = Release|Win32
		{C111C700-229E-4386-9D42-E38A2EC70B9F}.Debug|x64.ActiveCfg = Debug|x64
		{C111C700-229E-4386-9D42-E38A2EC70B9F}.Debug|x64.Build.0 = Debug|x64
		{C111C700-229E-4386-9D42-E38A2EC70B9F}.Debug|x86.ActiveCfg = Debug|Win32
		{C111C700-229E-4386-9D42-E38A2EC70B9F}.Debug|x86.Build.0 = Debug|Win32
		{C111C700-229E-4386-9D42-E38A2EC70B9F}.Release|x64.ActiveCfg = Release|x64
		{C111C700-229E-4386-9D42-E38A2EC70B9F}.Release|x64.Build.0 = Release|x64
		{C111C700-229E-4386-9D42-E38A2EC70B9F}.Release|x86.ActiveCfg = Release|Win32
		{C111C700-229E-4386-9D42-E38A2EC70B9F}.Release|x86.Build.0 = Release|Win32
		{EB5DF8B6-D66D-4467-B221-21D752AEF971}.Debug|x64.ActiveCfg = Debug|x64
		{EB5DF8B6-D66D-4467-B221-21D752AEF971}.Debug|x64.Build.0 = Debug|x64
		{EB5DF8B6-D66D-4467-B221-21D752AEF971}.Debug|x86.ActiveCfg = Debug|Win32
		{EB5DF8B6-D66D-4467-B221-21D752AEF971}.Debug|x86.Build.0 = Debug|Win32
		{EB5DF8B6-D66D-4467-B221-21D752AEF971}.Release|x64.ActiveCfg = Release|x64
		{EB5DF8B6-D66D-4467-B221-21D752AEF971}.Release|x64.Build.0 = Release|x64
		{EB5DF8B6-D66D-4467-B221-21D752AEF971}.Release|x86.ActiveCfg = Release|Win32
		{EB5DF8B6-D66D-4467-B221-21D752AEF971}.Release|x86.Build.0 = Release|Win32
		{8B9FB273-3FC4-49A0-9A6B-905C740B3DC3}.Debug|x64.ActiveCfg = Debug|x64
		{8B9FB273-3FC4-49A0-9A6B-905C740B3DC3}.Debug|x64.Build.0 = Debug|x64
		{8B9FB273-3FC4-49A0-9A6B-905C740B3DC3}.Debug|x86.ActiveCfg = Debug|Win32
		{8B9FB273-3FC4-49A0-9A6B-905C740B3DC3}.Debug|x86.Build.0 = Debug|Win32
		{8B9FB273-3FC4-49A0-9A6B-905C740B3DC3}.Release|x64.ActiveCfg = Release|x64
		{8B9FB273-3FC4-49A0-9A6B-905C740B3DC3}.Release|x64.Build.0 = Release|x64
		{8B9FB273-3FC4-49A0-9A6B-905C740B3DC3}.Release|x86.ActiveCfg = Release|Win32
		{8B9FB273-3FC4-49A0-9A6B-905C740B3DC3}.Release|x86.Build.0 = Release|Win32
		{FD604B61-FDD5-4B73-9CED-F410ED019450}.Debug|x64.ActiveCfg = Debug|x64
		{FD604B61-FDD5-4B73-9CED-F410ED019450}.Debug|x64.Build.0 = Debug|x64
		{FD604B61-FDD5-4B73-9CED-F410ED019450}.Debug|x86.ActiveCfg = Debug|Win32
		{FD604B61-FDD5-4B73-9CED-F410ED019450}.Debug|x86.Build.0 = Debug|Win32
		{FD604B61-FDD5-4B73-9CED-F410ED019450}.Release|x64.ActiveCfg = Release|x64
		{FD604B61-FDD5-4B73-9CED-F410ED019450}.Release|x64.Build.0 = Release|x64
		{FD604B61-FDD5-4B73-9CED-F410ED019450}.Release|x86.ActiveCfg = Release|Win32
		{FD604B61-FDD5-4B73-9CED-F410ED019450}.Release|x86.Build.0 = Release|Win32
		{9C497D71-FD20-441B-9048-6DE702AD014D}.Debug|x64.ActiveCfg = Debug|x64
		{9C497D71-FD20-441B-9048-6DE702AD014D}.Debug|x64.Build.0 = Debug|x64
		{9C497D71-FD20-441B-9048-6DE702AD014D}.Debug|x86.ActiveCfg = Debug|Win32
		{9C497D71-FD20-441B-9048-6DE702AD014D}.Debug|x86.Build.0 = Debug|Win32
		{9C497D71-FD20-441B-9048-6DE702AD014D}.Release|x64.ActiveCfg = Release|x64
		{9C497D71-FD20-441B-9048-6DE702AD014D}.Release|x64.Build.0 = Release|x64
		{9C497D71-FD20-441B-9048-6DE702AD014D}.Release|x86.ActiveCfg = Release|Win32
		{9C497D71-FD20-441B-9048-6DE702AD014D}.Release|x86.Build.0 = Release|Win32
		{06283363-0EEE-49E2-8068-8296B2190552}.Debug|x64.ActiveCfg = Debug|x64
		{06283363-0EEE-49E2-8068-8296B2190552}.Debug|x64.Build.0 = Debug|x64
		{06283363-0EEE-49E2-8068-8296B2190552}.Debug|x86.ActiveCfg = Debug|Win32
		{06283363-0EEE-49E2-8068-8296B2190552}.Debug|x86.Build.0 = Debug|Win32
		{06283363-0EEE-49E2-8068-8296B2190552}.Release|x64.ActiveCfg = Release|x64
		{06283363-0EEE-49E2-8068-8296B2190552}.Release|x64.Build.0 = Release|x64
		{06283363-0EEE-49E2-8068-8296B2190552}.Release|x86.ActiveCfg = Release|Win32
		{06283363-0EEE-49E2-8068-8296B2190552}.Release|x86.Build.0 = Release|Win32
		{D57AB593-9086-464E-A2B2-7D5D6A0F3B34}.Debug|x64.ActiveCfg = Debug|x64
		{D57AB593-9086-464E-A2B2-7D5D6A0F3B34}.Debug|x64.Build.0 = Debug|x64
		{D57AB593-9086-464E-A2B2-7D5D6A0F3B34}.Debug|x86.ActiveCfg = Debug|Win32
		{D57AB593-9086-464E-A2B2-7D5D6A0F3B34}.Debug|x86.Build.0 = Debug|Win32
		{D57AB593-9086-464E-A2B2-7D5D6A0F3B34}.Release|x64.ActiveCfg = Release|x64
		{D57AB593-9086-464E-A2B2-7D5D6A0F3B34}.Release|x64.Build.0 = Release|x64
		{D57AB593-9086-464E-A2B2-7D5D6A0F3B34}.Release|x86.ActiveCfg = Release|Win32
		{D57AB593-9086-464E-A2B2-7D5D6A0F3B34}.Release|x86.Build.0 = Release|Win32
		{42D9DD6F-7F35-45CF-8F5C-0B4C6690BC5F}.Debug|x64.ActiveCfg = Debug|x64
		{42D9DD6F-7F35-45CF-8F5C-0B4C6690BC5F}.Debug|x64.Build.0 = Debug|x64
		{42D9DD6F-7F35-45CF-8F5C-0B4C6690BC5F}.Debug|x86.ActiveCfg = Debug|Win32
		{42D9DD6F-7F35-45CF-8F5C-0B4C6690BC5F}.Debug|x86.Build.0 = Debug|Win32
		{42D9DD6F-7F35-45CF-8F5C-0B4C6690BC5F}.Release|x64.ActiveCfg = Release|x64
		{42D9DD6F-7F35-45CF-8F5C-0B4C6690BC5F}.Release|x64.Build.0 = Release|x64
		{42D9DD6F-7F35-45CF-8F5C-0B4C6690BC5F}.Release|x86.ActiveCfg = Release|Win32
		{42D9DD6F-7F35-45CF-8F5C-0B4C6690BC5F}.Release|x86.Build.0 = Release|Win32
		{87534125-9531-4942-BC82-B115E0389294}.Debug|x64.ActiveCfg = Debug|x64
		{87534125-9531-4942-BC82-B115E0389294}.Debug|x64.Build.0 = Debug|x64
		{87534125-9531-4942-BC82-B115E0389294}.Debug|x86.ActiveCfg = Debug|Win32
		{87534125-9531-4942-BC82-B115E0389294}.Debug|x86.Build.0 = Debug|Win32
		{87534125-9531-4942-BC82-B115E0389294}.Release|x64.ActiveCfg = Release|x64
		{87534125-9531-4942-BC82-B115E0389294}.Release|x64.Build.0 = Release|x64
		{87534125-9531-4942-BC82-B115E0389294}.Release|x86.ActiveCfg = Release|Win32
		{87534125-9531-4942-BC82-B115E0389294}.Release|x86.Build.0 = Release|Win32
		{9A4A43B2-3BB1-4294-9E36-0BA6BA8C7AD3}.Debug|x64.ActiveCfg = Debug|x64
		{9A4A43B2-3BB1-4294-9E36-0BA6BA8C7AD3}.Debug|x64.Build.0 = Debug|x64
		{9A4A43B2-3BB1-4294-9E36-0BA6BA8C7AD3}.Debug|x86.ActiveCfg = Debug|Win32
		{9A4A43B2-3BB1-4294-9E36-0BA6BA8C7AD3}.Debug|x86.Build.0 = Debug|Win32
		{9A4A43B2-3BB1-4294-9E36-0BA6BA8C7AD3}.Release|x64.ActiveCfg = Release|x64
		{9A4A43B2-3BB1-4294-9E36-0BA6BA8C7AD3}.Release|x64.Build.0 = Release|x64
		{9A4A43B2-3BB1-4294-9E36-0BA6BA8C7AD3}.Release|x86.ActiveCfg = Release|Win32
		{9A4A43B2-3BB1-4294-9E36-0BA6BA8C7AD3}.Release|x86.Build.0 = Release|Win32
		{798E64EE-EACB-4C75-B447-35BB9ACE076D}.Debug|x64.ActiveCfg = Debug|x64
		{798E64EE-EACB-4C75-B447-35BB9ACE076D}.Debug|x64.Build.0 = Debug|x64
		{798E64EE-EACB-4C75-B447-35BB9ACE076D}.Debug|x86.ActiveCfg = Debug|Win32
		{798E64EE-EACB-4C75-B447-35BB9ACE076D}.Debug|x86.Build.0 = Debug|Win32
		{798E64EE-EACB-4C75-B447-35BB9ACE076D}.Release|x64.ActiveCfg = Release|x64
		{798E64EE-EACB-4C75-B447-35BB9ACE076D}.Release|x64.Build.0 = Release|x64
		{798E64EE-EACB-4C75-B447-35BB9ACE076D}.Release|x86.ActiveCfg = Release|Win32
		{798E64EE-EACB-4C75-B447-35BB9ACE076D}.Release|x86.Build.0 = Release|Win32
		{1B8F671A-5300-4043-9CB0-B8202096B976}.Debug|x64.ActiveCfg = Debug|x64
		{1B8F671A-5300-4043-9CB0-B8202096B976}.Debug|x64.Build.0 = Debug|x64
		{1B8F671A-5300-4043-9CB0-B8202096B976}.Debug|x86.ActiveCfg = Debug|Win32
		{1B8F671A-5300-4043-9CB0-B8202096B976}.Debug|x86.Build.0 = Debug|Win32
		{1B8F671A-5300-4043-9CB0-B8202096B976}.Release|x64.ActiveCfg = Release|x64
		{1B8F671A-5300-4043-9CB0-B8202096B976}.Release|x64.Build.0 = Release|x64
		{1B8F671A-5300-4043-9CB0-B8202096B976}.Release|x86.ActiveCfg = Release|Win32
		{1B8F671A-5300-4043-9CB0-B8202096B976}.Release|x86.Build.0 = Release|Win32
		{BBF1EE3C-C492-4ADD-8149-E924E564EDB0}.Debug|x64.ActiveCfg = Debug|x64
		{BBF1EE3C-C492-4ADD-8149-E924E564EDB0}.Debug|x64.Build.0 = Debug|x64
		{BBF1EE3C-C492-4ADD-8149-E924E564EDB0}.Debug|x86.ActiveCfg = Debug|Win32
		{BBF1EE3C-C492-4ADD-8149-E924E564EDB0}.Debug|x86.Build.0 = Debug|Win32
		{BBF1EE3C-C492-4ADD-8149-E924E564EDB0}.Release|x64.ActiveCfg = Release|x64
		{BBF1EE3C-C492-4ADD-8149-E924E564EDB0}.Release|x64.Build.0 = Release|x64
		{BBF1EE3C-C492-4ADD-8149-E924E564EDB0}.Release|x86.ActiveCfg = Release|Win32
		{BBF1EE3C-C492-4ADD-8149-E924E564EDB0}.Release|x86.Build.0 = Release|Win32
		{C15EC12D-D2C3-40BC-8DAA-AF16A3D03CC1}.Debug|x64.ActiveCfg = Debug|x64
		{C15EC12D-D2C3-40BC-8DAA-AF16A3D03CC1}.Debug|x64.Build.0 = Debug|x64
		{C15EC12D-D2C3-40BC-8DAA-AF16A3D03CC1}.Debug|x86.ActiveCfg = Debug|Win32
		{C15EC12D-D2C3-40BC-8DAA-AF16A3D03CC1}.Debug|x86.Build.0 = Debug|Win32
		{C15EC12D-D2C3-40BC-8DAA-AF16A3D03CC1}.Release|x64.ActiveCfg = Release|x64
		{C15EC12D-D2C3-40BC-8DAA-AF16A3D03CC1}.Release|x64.Build.0 = Release|x64
		{C15EC12D-D2C3-40BC-8DAA-AF16A3D03CC1}.Release|x86.ActiveCfg = Release|Win32
		{C15EC12D-D2C3-40BC-8DAA-AF16A3D03CC1}.Release|x86.Build.0 = Release|Win32
		{80FE5FDA-3BE7-4BA3-A7A1-6E1B70E9965B}.Debug|x64.ActiveCfg = Debug|x64
		{80FE5FDA-3BE7-4BA3-A7A1-6E1B70E9965B}.Debug|x64.Build.0 = Debug|x64
		{80FE5FDA-3BE7-4BA3-A7A1-6E1B70E9965B}.Debug|x86.ActiveCfg = Debug|Win32
		{80FE5FDA-3BE7-4BA3-A7A1-6E1B70E9965B}.Debug|x86.Build.0 = Debug|Win32
		{80FE5FDA-3BE7-4BA3-A7A1-6E1B70E9965B}.Release|x64.ActiveCfg = Release|x64
		{80FE5FDA-3BE7-4BA3-A7A1-6E1B70E9965B}.Release|x64.Build.0 = Release|x64
		{80FE5FDA-3BE7-4BA3-A7A1-6E1B70E9965B}.Release|x86.ActiveCfg = Release|Win32
		{80FE5FDA-3BE7-4BA3-A7A1-6E1B70E9965B}.Release|x86.Build.0 = Release|Win32
		{2FD3B946-ADEC-49E6-8ED4-7838F85A31E2}.Debug|x64.ActiveCfg = Debug|x64
		{2FD3B946-ADEC-49E6-8ED4-7838F85A31E2}.Debug|x64.Build.0 = Debug|x64
		{2FD3B946-ADEC-49E6-8ED4-7838F85A31E2}.Debug|x86.ActiveCfg = Debug|Win32
		{2FD3B946-ADEC-49E6-8ED4-7838F85A31E2}.Debug|x86.Build.0 = Debug|Win32
		{2FD3B946-ADEC-49E6-8ED4-7838F85A31E2}.Release|x64.ActiveCfg = Release|x64
		{2FD3B946-ADEC-49E6-8ED4-7838F85A31E2}.Release|x64.Build.0 = Release|x64
		{2FD3B946-ADEC-49E6-8ED4-7838F85A31E2}.Release|x86.ActiveCfg = Release|Win32
		{2FD3B946-ADEC-49E6-8ED4-7838F85A31E2}.Release|x86.Build.0 = Release|Win32
		{02B308DF-0749-49D0-BFFB-3FD9A37D7CBA}.Debug|x64.ActiveCfg = Debug|x64
		{02B308DF-0749-49D0-BFFB-3FD9A37D7CBA}.Debug|x64.Build.0 = Debug|x64
		{02B308DF-0749-49D0-BFFB-3FD9A37D7CBA}.Debug|x86.ActiveCfg = Debug|Win32
		{02B308DF-0749-49D0-BFFB-3FD9A37D7CBA}.Debug|x86.Build.0 = Debug|Win32
		{02B308DF-0749-49D0-BFFB-3FD9A37D7CBA}.Release|x64.ActiveCfg = Release|x64
		{02B308DF-0749-49D0-BFFB-3FD9A37D7CBA}.Release|x64.Build.0 = Release|x64
		{02B308DF-0749-49D0-BFFB-3FD9A37D7CBA}.Release|x86.ActiveCfg = Release|Win32
		{02B308DF-0749-49D0-BFFB-3FD9A37D7CBA}.Release|x86.Build.0 = Release|Win32
	EndGlobalSection
	GlobalSection(SolutionProperties) = preSolution
		HideSolutionNode = FALSE
	EndGlobalSection
	GlobalSection(ExtensibilityGlobals) = postSolution
		SolutionGuid = {FE036572-7BA9-4D91-8B40-B119EA6FF0DA}
	EndGlobalSection
EndGlobal
